
Microsoft Visual Studio Solution File, Format Version 12.00
# Visual Studio Version 17
VisualStudioVersion = 17.0.31903.59
MinimumVisualStudioVersion = 10.0.40219.1
Project("{9A19103F-16F7-4668-BE54-9A1E7A4F7556}") = "LogBilisim.Web", "LogBilisim.Web\LogBilisim.Web.csproj", "{A9FDE697-69F8-4D6C-8E86-D1B3D3E3AF23}"
EndProject
Global
	GlobalSection(SolutionConfigurationPlatforms) = preSolution
		Debug|Any CPU = Debug|Any CPU
		Release|Any CPU = Release|Any CPU
	EndGlobalSection
	GlobalSection(ProjectConfigurationPlatforms) = postSolution
		{A9FDE697-69F8-4D6C-8E86-D1B3D3E3AF23}.Debug|Any CPU.ActiveCfg = Debug|Any CPU
		{A9FDE697-69F8-4D6C-8E86-D1B3D3E3AF23}.Debug|Any CPU.Build.0 = Debug|Any CPU
		{A9FDE697-69F8-4D6C-8E86-D1B3D3E3AF23}.Release|Any CPU.ActiveCfg = Release|Any CPU
		{A9FDE697-69F8-4D6C-8E86-D1B3D3E3AF23}.Release|Any CPU.Build.0 = Release|Any CPU
	EndGlobalSection
	GlobalSection(SolutionProperties) = preSolution
		HideSolutionNode = FALSE
	EndGlobalSection
	GlobalSection(ExtensibilityGlobals) = postSolution
		SolutionGuid = {A1210090-62BF-486F-AFEB-F65D99D0EFF7}
	EndGlobalSection
EndGlobal
